
Microsoft Visual Studio Solution File, Format Version 12.00
# Visual Studio Version 16
VisualStudioVersion = 16.0.29613.14
MinimumVisualStudioVersion = 10.0.40219.1
Project("{FAE04EC0-301F-11D3-BF4B-00C04F79EFBC}") = "GUI", "GUI\GUI.csproj", "{C683577D-B317-4349-A2C7-47489932B79C}"
EndProject
Project("{FAE04EC0-301F-11D3-BF4B-00C04F79EFBC}") = "BUS", "BUS\BUS.csproj", "{0AABC001-3194-4151-AAD5-54F6870B30F2}"
EndProject
Project("{FAE04EC0-301F-11D3-BF4B-00C04F79EFBC}") = "DAO", "DAO\DAO.csproj", "{61F0076C-7D0A-4C7A-B7F3-68E59BF70CBD}"
EndProject
Project("{FAE04EC0-301F-11D3-BF4B-00C04F79EFBC}") = "DTO", "DTO\DTO.csproj", "{59F9D2B0-C476-4D68-AC80-19011EEF2EDA}"
EndProject
Global
	GlobalSection(SolutionConfigurationPlatforms) = preSolution
		Debug|Any CPU = Debug|Any CPU
		Release|Any CPU = Release|Any CPU
	EndGlobalSection
	GlobalSection(ProjectConfigurationPlatforms) = postSolution
		{C683577D-B317-4349-A2C7-47489932B79C}.Debug|Any CPU.ActiveCfg = Debug|Any CPU
		{C683577D-B317-4349-A2C7-47489932B79C}.Debug|Any CPU.Build.0 = Debug|Any CPU
		{C683577D-B317-4349-A2C7-47489932B79C}.Release|Any CPU.ActiveCfg = Release|Any CPU
		{C683577D-B317-4349-A2C7-47489932B79C}.Release|Any CPU.Build.0 = Release|Any CPU
		{0AABC001-3194-4151-AAD5-54F6870B30F2}.Debug|Any CPU.ActiveCfg = Debug|Any CPU
		{0AABC001-3194-4151-AAD5-54F6870B30F2}.Debug|Any CPU.Build.0 = Debug|Any CPU
		{0AABC001-3194-4151-AAD5-54F6870B30F2}.Release|Any CPU.ActiveCfg = Release|Any CPU
		{0AABC001-3194-4151-AAD5-54F6870B30F2}.Release|Any CPU.Build.0 = Release|Any CPU
		{61F0076C-7D0A-4C7A-B7F3-68E59BF70CBD}.Debug|Any CPU.ActiveCfg = Debug|Any CPU
		{61F0076C-7D0A-4C7A-B7F3-68E59BF70CBD}.Debug|Any CPU.Build.0 = Debug|Any CPU
		{61F0076C-7D0A-4C7A-B7F3-68E59BF70CBD}.Release|Any CPU.ActiveCfg = Release|Any CPU
		{61F0076C-7D0A-4C7A-B7F3-68E59BF70CBD}.Release|Any CPU.Build.0 = Release|Any CPU
		{59F9D2B0-C476-4D68-AC80-19011EEF2EDA}.Debug|Any CPU.ActiveCfg = Debug|Any CPU
		{59F9D2B0-C476-4D68-AC80-19011EEF2EDA}.Debug|Any CPU.Build.0 = Debug|Any CPU
		{59F9D2B0-C476-4D68-AC80-19011EEF2EDA}.Release|Any CPU.ActiveCfg = Release|Any CPU
		{59F9D2B0-C476-4D68-AC80-19011EEF2EDA}.Release|Any CPU.Build.0 = Release|Any CPU
	EndGlobalSection
	GlobalSection(SolutionProperties) = preSolution
		HideSolutionNode = FALSE
	EndGlobalSection
	GlobalSection(ExtensibilityGlobals) = postSolution
		SolutionGuid = {920A9433-FD0D-475D-BD82-2BE80AA537DF}
	EndGlobalSection
EndGlobal
